
Microsoft Visual Studio Solution File, Format Version 12.00
# Visual Studio Version 17
VisualStudioVersion = 17.7.34221.43
MinimumVisualStudioVersion = 10.0.40219.1
Project("{FAE04EC0-301F-11D3-BF4B-00C04F79EFBC}") = "BuildingManagement.API", "BuildingManagement.API\BuildingManagement.API.csproj", "{91FD5BF9-59EF-43AE-85CC-64F514375F8D}"
EndProject
Global
	GlobalSection(SolutionConfigurationPlatforms) = preSolution
		Debug|Any CPU = Debug|Any CPU
		Release|Any CPU = Release|Any CPU
	EndGlobalSection
	GlobalSection(ProjectConfigurationPlatforms) = postSolution
		{91FD5BF9-59EF-43AE-85CC-64F514375F8D}.Debug|Any CPU.ActiveCfg = Debug|Any CPU
		{91FD5BF9-59EF-43AE-85CC-64F514375F8D}.Debug|Any CPU.Build.0 = Debug|Any CPU
		{91FD5BF9-59EF-43AE-85CC-64F514375F8D}.Release|Any CPU.ActiveCfg = Release|Any CPU
		{91FD5BF9-59EF-43AE-85CC-64F514375F8D}.Release|Any CPU.Build.0 = Release|Any CPU
	EndGlobalSection
	GlobalSection(SolutionProperties) = preSolution
		HideSolutionNode = FALSE
	EndGlobalSection
	GlobalSection(ExtensibilityGlobals) = postSolution
		SolutionGuid = {B2C32C7B-3EF8-404A-AF27-2FAEA4E8EE05}
	EndGlobalSection
EndGlobal
